[[package]]
category = "dev"
description = "A small Python module for determining appropriate platform-specific dirs, e.g. a \"user data dir\"."
name = "appdirs"
optional = false
python-versions = "*"
version = "1.4.3"

[[package]]
category = "main"
description = "Classes Without Boilerplate"
name = "attrs"
optional = false
python-versions = ">=2.7, !=3.0.*, !=3.1.*, !=3.2.*, !=3.3.*"
version = "19.1.0"

[[package]]
category = "main"
description = "Function decoration for backoff and retry"
name = "backoff"
optional = false
python-versions = "*"
version = "1.3.2"

[[package]]
category = "dev"
description = "The uncompromising code formatter."
name = "black"
optional = false
python-versions = ">=3.6"
version = "19.3b0"

[package.dependencies]
appdirs = "*"
attrs = ">=18.1.0"
click = ">=6.5"
toml = ">=0.9.4"

[[package]]
category = "main"
description = "Python package for providing Mozilla's CA Bundle."
name = "certifi"
optional = false
python-versions = "*"
version = "2019.6.16"

[[package]]
category = "main"
description = "Universal encoding detector for Python 2 and 3"
name = "chardet"
optional = false
python-versions = "*"
version = "3.0.4"

[[package]]
category = "dev"
description = "Composable command line interface toolkit"
name = "click"
optional = false
python-versions = ">=2.7, !=3.0.*, !=3.1.*, !=3.2.*, !=3.3.*"
version = "7.0"

[[package]]
category = "main"
description = "Internationalized Domain Names in Applications (IDNA)"
name = "idna"
optional = false
python-versions = ">=2.7, !=3.0.*, !=3.1.*, !=3.2.*, !=3.3.*"
version = "2.8"

[[package]]
category = "dev"
description = "A Python utility / library to sort Python imports."
name = "isort"
optional = false
python-versions = ">=2.7, !=3.0.*, !=3.1.*, !=3.2.*, !=3.3.*"
version = "4.3.21"

[[package]]
category = "main"
description = "An implementation of JSON Schema validation for Python"
name = "jsonschema"
optional = false
python-versions = "*"
version = "2.6.0"

[[package]]
category = "dev"
description = "McCabe checker, plugin for flake8"
name = "mccabe"
optional = false
python-versions = "*"
version = "0.6.1"

[[package]]
category = "main"
description = "nose extends unittest to make testing easier"
name = "nose"
optional = false
python-versions = "*"
version = "1.3.7"

[[package]]
category = "dev"
description = "Python style guide checker"
name = "pycodestyle"
optional = false
python-versions = ">=2.7, !=3.0.*, !=3.1.*, !=3.2.*, !=3.3.*"
version = "2.5.0"

[[package]]
category = "dev"
description = "Python docstring style checker"
name = "pydocstyle"
optional = false
python-versions = ">=3.4"
version = "4.0.1"

[package.dependencies]
snowballstemmer = "*"

[[package]]
category = "dev"
description = "passive checker of Python programs"
name = "pyflakes"
optional = false
python-versions = ">=2.7, !=3.0.*, !=3.1.*, !=3.2.*, !=3.3.*"
version = "2.1.1"

[[package]]
category = "dev"
description = "pylama -- Code audit tool for python"
name = "pylama"
optional = false
python-versions = "*"
version = "7.7.1"

[package.dependencies]
mccabe = ">=0.5.2"
pycodestyle = ">=2.3.1"
pydocstyle = ">=2.0.0"
pyflakes = ">=1.5.0"

[[package]]
category = "main"
description = "Extensions to the standard Python datetime module"
name = "python-dateutil"
optional = false
python-versions = ">=2.7, !=3.0.*, !=3.1.*, !=3.2.*"
version = "2.8.0"

[package.dependencies]
six = ">=1.5"

[[package]]
category = "main"
description = "World timezone definitions, modern and historical"
name = "pytz"
optional = false
python-versions = "*"
version = "2018.4"

[[package]]
category = "main"
description = "Python HTTP for Humans."
name = "requests"
optional = false
python-versions = ">=2.7, !=3.0.*, !=3.1.*, !=3.2.*, !=3.3.*, !=3.4.*"
version = "2.22.0"

[package.dependencies]
certifi = ">=2017.4.17"
chardet = ">=3.0.2,<3.1.0"
idna = ">=2.5,<2.9"
urllib3 = ">=1.21.1,<1.25.0 || >1.25.0,<1.25.1 || >1.25.1,<1.26"

[[package]]
category = "main"
description = "Mock out responses from the requests package"
name = "requests-mock"
optional = false
python-versions = "*"
version = "1.6.0"

[package.dependencies]
requests = ">=2.3"
six = "*"

[[package]]
category = "main"
description = "Simple, fast, extensible JSON encoder/decoder for Python"
name = "simplejson"
optional = false
python-versions = "*"
version = "3.11.1"

[[package]]
category = "main"
description = "Singer.io utility library"
name = "singer-python"
optional = false
python-versions = "*"
version = "5.5.1"

[package.dependencies]
backoff = "1.3.2"
jsonschema = "2.6.0"
python-dateutil = ">=2.6.0"
pytz = "2018.4"
simplejson = "3.11.1"

[[package]]
category = "main"
description = "Python 2 and 3 compatibility utilities"
name = "six"
optional = false
python-versions = ">=2.6, !=3.0.*, !=3.1.*"
version = "1.12.0"

[[package]]
category = "dev"
description = "This package provides 23 stemmers for 22 languages generated from Snowball algorithms."
name = "snowballstemmer"
optional = false
python-versions = "*"
version = "1.9.0"

[[package]]
category = "dev"
description = "Python Library for Tom's Obvious, Minimal Language"
name = "toml"
optional = false
python-versions = "*"
version = "0.10.0"

[[package]]
category = "main"
description = "HTTP library with thread-safe connection pooling, file post, and more."
name = "urllib3"
optional = false
python-versions = ">=2.7, !=3.0.*, !=3.1.*, !=3.2.*, !=3.3.*, <4"
version = "1.25.3"

[metadata]
content-hash = "723116875978a6620564ec6ddf5af443d06ed548e79dde0bfcbd3cb06a6ccdaf"
python-versions = "^3.6"

[metadata.hashes]
appdirs = ["9e5896d1372858f8dd3344faf4e5014d21849c756c8d5701f78f8a103b372d92", "d8b24664561d0d34ddfaec54636d502d7cea6e29c3eaf68f3df6180863e2166e"]
attrs = ["69c0dbf2ed392de1cb5ec704444b08a5ef81680a61cb899dc08127123af36a79", "f0b870f674851ecbfbbbd364d6b5cbdff9dcedbc7f3f5e18a6891057f21fe399"]
backoff = ["608cd3c17c7ae541fb45454cf8236271d13f3cdae932e56879f26bd737344aa8"]
black = ["09a9dcb7c46ed496a9850b76e4e825d6049ecd38b611f1224857a79bd985a8cf", "68950ffd4d9169716bcb8719a56c07a2f4485354fec061cdd5910aa07369731c"]
certifi = ["046832c04d4e752f37383b628bc601a7ea7211496b4638f6514d0e5b9acc4939", "945e3ba63a0b9f577b1395204e13c3a231f9bc0223888be653286534e5873695"]
chardet = ["84ab92ed1c4d4f16916e05906b6b75a6c0fb5db821cc65e70cbd64a3e2a5eaae", "fc323ffcaeaed0e0a02bf4d117757b98aed530d9ed4531e3e15460124c106691"]
click = ["2335065e6395b9e67ca716de5f7526736bfa6ceead690adf616d925bdc622b13", "5b94b49521f6456670fdb30cd82a4eca9412788a93fa6dd6df72c94d5a8ff2d7"]
idna = ["c357b3f628cf53ae2c4c05627ecc484553142ca23264e593d327bcde5e9c3407", "ea8b7f6188e6fa117537c3df7da9fc686d485087abf6ac197f9c46432f7e4a3c"]
isort = ["54da7e92468955c4fceacd0c86bd0ec997b0e1ee80d97f67c35a78b719dccab1", "6e811fcb295968434526407adb8796944f1988c5b65e8139058f2014cbe100fd"]
jsonschema = ["000e68abd33c972a5248544925a0cae7d1125f9bf6c58280d37546b946769a08", "6ff5f3180870836cae40f06fa10419f557208175f13ad7bc26caa77beb1f6e02"]
mccabe = ["ab8a6258860da4b6677da4bd2fe5dc2c659cff31b3ee4f7f5d64e79735b80d42", "dd8d182285a0fe56bace7f45b5e7d1a6ebcbf524e8f3bd87eb0f125271b8831f"]
nose = ["9ff7c6cc443f8c51994b34a667bbcf45afd6d945be7477b52e97516fd17c53ac", "dadcddc0aefbf99eea214e0f1232b94f2fa9bd98fa8353711dacb112bfcbbb2a", "f1bffef9cbc82628f6e7d7b40d7e255aefaa1adb6a1b1d26c69a8b79e6208a98"]
pycodestyle = ["95a2219d12372f05704562a14ec30bc76b05a5b297b21a5dfe3f6fac3491ae56", "e40a936c9a450ad81df37f549d676d127b1b66000a6c500caa2b085bc0ca976c"]
pydocstyle = ["04c84e034ebb56eb6396c820442b8c4499ac5eb94a3bda88951ac3dc519b6058", "66aff87ffe34b1e49bff2dd03a88ce6843be2f3346b0c9814410d34987fbab59"]
pyflakes = ["17dbeb2e3f4d772725c777fabc446d5634d1038f234e77343108ce445ea69ce0", "d976835886f8c5b31d47970ed689944a0262b5f3afa00a5a7b4dc81e5449f8a2"]
pylama = ["9bae53ef9c1a431371d6a8dca406816a60d547147b60a4934721898f553b7d8f", "fd61c11872d6256b019ef1235be37b77c922ef37ac9797df6bd489996dddeb15"]
python-dateutil = ["7e6584c74aeed623791615e26efd690f29817a27c73085b78e4bad02493df2fb", "c89805f6f4d64db21ed966fda138f8a5ed7a4fdbc1a8ee329ce1b74e3c74da9e"]
pytz = ["65ae0c8101309c45772196b21b74c46b2e5d11b6275c45d251b150d5da334555", "c06425302f2cf668f1bba7a0a03f3c1d34d4ebeef2c72003da308b3947c7f749"]
requests = ["11e007a8a2aa0323f5a921e9e6a2d7e4e67d9877e85773fba9ba6419025cbeb4", "9cf5292fcd0f598c671cfc1e0d7d1a7f13bb8085e9a590f48c010551dc6c4b31"]
requests-mock = ["12e17c7ad1397fd1df5ead7727eb3f1bdc9fe1c18293b0492e0e01b57997e38d", "dc9e416a095ee7c3360056990d52e5611fb94469352fc1c2dc85be1ff2189146"]
simplejson = ["01a22d49ddd9a168b136f26cac87d9a335660ce07aa5c630b8e3607d6f4325e7", "11d91b88cc1e9645c79f0f6fd2961684249af963e2bbff5a00061ed4bbf55379", "1975e6b621fe1c2b9321c56476e8ebe1b851006517c1d67041b378950374694c", "2dc7fb8c0c0ff9483ce31b93b700b1fa60aca9d099e6aca9813f28ff131ccf59", "36b0de42e3a8a51086c339cc803f6ac7a9d1d5254066d680956a195ca12cf0d8", "38c2b563cd03363e7cb2bbba6c20ae4eaafd853a83954c8c8dd345ee391787bf", "6be48181337ac5f5d9f48c9c504f317e245519318992122a05c40e482a721d59", "7df76ae6cac4a62ad5295f9a9131857077d84cb15fad2011acb2ce7410476009", "7f53ab6a675594f237ce7372c1edf742a6acb158149ed3259c5fffc5b613dc94", "86aa9fd492230c4b8b6814fcf089b36ffba2cec4d0635c8c642135b9067ebbd7", "8ae8cdcbe49e29ddfdae0ab81c1f6c070706d18fcee86371352d0d54b47ad8ec", "8d73b96a6ee7c81fd49dac7225e3846fd60b54a0b5b93a0aaea04c5a5d2e7bf2", "97cc43ef4cb18a2725f6e26d22b96f8ca50872a195bde32707dcb284f89c1d4d", "a6939199c30b78ae31e62e6913f0e12cb71a4a5ad67c259e0a98688df027a5de", "c76d55d78dc8b06c96fd08c6cc5e2b0b650799627d3f9ca4ad23f40db72d5f6d", "ebbd52b59948350ad66205e66b299fcca0e0821ed275c21262c522f4a6cea9d2", "f60f01b16215568a08611eb6a4d61d76c4173c3d69aac9cad593777056c284d5"]
singer-python = ["7b2108e2b975bcc5004ff6fbd6f8289afd84ab51f25677b9890f103918fdc072"]
six = ["3350809f0555b11f552448330d0b52d5f24c91a322ea4a15ef22629740f3761c", "d16a0141ec1a18405cd4ce8b4613101da75da0e9a7aec5bdd4fa804d0e0eba73"]
snowballstemmer = ["9f3b9ffe0809d174f7047e121431acf99c89a7040f0ca84f94ba53a498e6d0c9"]
toml = ["229f81c57791a41d65e399fc06bf0848bab550a9dfd5ed66df18ce5f05e73d5c", "235682dd292d5899d361a811df37e04a8828a5b1da3115886b73cf81ebc9100e", "f1db651f9657708513243e61e6cc67d101a39bad662eaa9b5546f789338e07a3"]
urllib3 = ["b246607a25ac80bedac05c6f282e3cdaf3afb65420fd024ac94435cabe6e18d1", "dbe59173209418ae49d485b87d1681aefa36252ee85884c31346debd19463232"]
